
Microsoft Visual Studio Solution File, Format Version 12.00
Project("{FAE04EC0-301F-11D3-BF4B-00C04F79EFBC}") = "Hal.Poc", "Hal.Poc\Hal.Poc.csproj", "{65F9E989-D7D1-4312-B95A-832C851E8FAF}"
EndProject
Global
	GlobalSection(SolutionConfigurationPlatforms) = preSolution
		Debug|Any CPU = Debug|Any CPU
		Release|Any CPU = Release|Any CPU
	EndGlobalSection
	GlobalSection(ProjectConfigurationPlatforms) = postSolution
		{65F9E989-D7D1-4312-B95A-832C851E8FAF}.Debug|Any CPU.ActiveCfg = Debug|Any CPU
		{65F9E989-D7D1-4312-B95A-832C851E8FAF}.Debug|Any CPU.Build.0 = Debug|Any CPU
		{65F9E989-D7D1-4312-B95A-832C851E8FAF}.Release|Any CPU.ActiveCfg = Release|Any CPU
		{65F9E989-D7D1-4312-B95A-832C851E8FAF}.Release|Any CPU.Build.0 = Release|Any CPU
	EndGlobalSection
EndGlobal
