
Microsoft Visual Studio Solution File, Format Version 12.00
Project("{FAE04EC0-301F-11D3-BF4B-00C04F79EFBC}") = "Hallo", "Hallo\Hallo.csproj", "{DA4F276C-C9A1-4CBE-B912-FF4FEE79B00C}"
EndProject
Project("{FAE04EC0-301F-11D3-BF4B-00C04F79EFBC}") = "Hallo.Test", "Hallo.Test\Hallo.Test.csproj", "{2B43A362-08D9-4850-A620-E39502959314}"
EndProject
Project("{2150E333-8FDC-42A3-9474-1A3956D46DE8}") = "sample", "sample", "{16117897-5815-4377-858D-EAA9063D6F12}"
EndProject
Project("{FAE04EC0-301F-11D3-BF4B-00C04F79EFBC}") = "Hallo.AspNetCore.Mvc.Sample", "Hallo.AspNetCore.Mvc.Sample\Hallo.AspNetCore.Mvc.Sample.csproj", "{CBA0F3AD-A91E-4F89-BB20-A3D064883087}"
EndProject
Project("{FAE04EC0-301F-11D3-BF4B-00C04F79EFBC}") = "Hallo.AspNetCore.Mvc", "Hallo.AspNetCore.Mvc\Hallo.AspNetCore.Mvc.csproj", "{E9E0E09A-A139-41B5-8A71-D41773F19ABC}"
EndProject
Project("{FAE04EC0-301F-11D3-BF4B-00C04F79EFBC}") = "Hallo.AspNetCore", "Hallo.AspNetCore\Hallo.AspNetCore.csproj", "{5F95D360-C97C-43E6-B251-6769F25F0AA9}"
EndProject
Project("{FAE04EC0-301F-11D3-BF4B-00C04F79EFBC}") = "Hallo.AspNetCore.Sample", "Hallo.AspNetCore.Sample\Hallo.AspNetCore.Sample.csproj", "{A049EE9E-4078-4EB9-90B4-3C28B6A571E7}"
EndProject
Project("{F2A71F9B-5D33-465A-A702-920D77279786}") = "Hallo.Giraffe.Sample", "Hallo.Giraffe.Sample\Hallo.Giraffe.Sample.fsproj", "{F60A57D6-1F4F-4392-98CD-9351D368367E}"
EndProject
Global
	GlobalSection(SolutionConfigurationPlatforms) = preSolution
		Debug|Any CPU = Debug|Any CPU
		Release|Any CPU = Release|Any CPU
	EndGlobalSection
	GlobalSection(ProjectConfigurationPlatforms) = postSolution
		{DA4F276C-C9A1-4CBE-B912-FF4FEE79B00C}.Debug|Any CPU.ActiveCfg = Debug|Any CPU
		{DA4F276C-C9A1-4CBE-B912-FF4FEE79B00C}.Debug|Any CPU.Build.0 = Debug|Any CPU
		{DA4F276C-C9A1-4CBE-B912-FF4FEE79B00C}.Release|Any CPU.ActiveCfg = Release|Any CPU
		{DA4F276C-C9A1-4CBE-B912-FF4FEE79B00C}.Release|Any CPU.Build.0 = Release|Any CPU
		{2B43A362-08D9-4850-A620-E39502959314}.Debug|Any CPU.ActiveCfg = Debug|Any CPU
		{2B43A362-08D9-4850-A620-E39502959314}.Debug|Any CPU.Build.0 = Debug|Any CPU
		{2B43A362-08D9-4850-A620-E39502959314}.Release|Any CPU.ActiveCfg = Release|Any CPU
		{2B43A362-08D9-4850-A620-E39502959314}.Release|Any CPU.Build.0 = Release|Any CPU
		{CBA0F3AD-A91E-4F89-BB20-A3D064883087}.Debug|Any CPU.ActiveCfg = Debug|Any CPU
		{CBA0F3AD-A91E-4F89-BB20-A3D064883087}.Debug|Any CPU.Build.0 = Debug|Any CPU
		{CBA0F3AD-A91E-4F89-BB20-A3D064883087}.Release|Any CPU.ActiveCfg = Release|Any CPU
		{CBA0F3AD-A91E-4F89-BB20-A3D064883087}.Release|Any CPU.Build.0 = Release|Any CPU
		{E9E0E09A-A139-41B5-8A71-D41773F19ABC}.Debug|Any CPU.ActiveCfg = Debug|Any CPU
		{E9E0E09A-A139-41B5-8A71-D41773F19ABC}.Debug|Any CPU.Build.0 = Debug|Any CPU
		{E9E0E09A-A139-41B5-8A71-D41773F19ABC}.Release|Any CPU.ActiveCfg = Release|Any CPU
		{E9E0E09A-A139-41B5-8A71-D41773F19ABC}.Release|Any CPU.Build.0 = Release|Any CPU
		{5F95D360-C97C-43E6-B251-6769F25F0AA9}.Debug|Any CPU.ActiveCfg = Debug|Any CPU
		{5F95D360-C97C-43E6-B251-6769F25F0AA9}.Debug|Any CPU.Build.0 = Debug|Any CPU
		{5F95D360-C97C-43E6-B251-6769F25F0AA9}.Release|Any CPU.ActiveCfg = Release|Any CPU
		{5F95D360-C97C-43E6-B251-6769F25F0AA9}.Release|Any CPU.Build.0 = Release|Any CPU
		{A049EE9E-4078-4EB9-90B4-3C28B6A571E7}.Debug|Any CPU.ActiveCfg = Debug|Any CPU
		{A049EE9E-4078-4EB9-90B4-3C28B6A571E7}.Debug|Any CPU.Build.0 = Debug|Any CPU
		{A049EE9E-4078-4EB9-90B4-3C28B6A571E7}.Release|Any CPU.ActiveCfg = Release|Any CPU
		{A049EE9E-4078-4EB9-90B4-3C28B6A571E7}.Release|Any CPU.Build.0 = Release|Any CPU
		{F60A57D6-1F4F-4392-98CD-9351D368367E}.Debug|Any CPU.ActiveCfg = Debug|Any CPU
		{F60A57D6-1F4F-4392-98CD-9351D368367E}.Debug|Any CPU.Build.0 = Debug|Any CPU
		{F60A57D6-1F4F-4392-98CD-9351D368367E}.Release|Any CPU.ActiveCfg = Release|Any CPU
		{F60A57D6-1F4F-4392-98CD-9351D368367E}.Release|Any CPU.Build.0 = Release|Any CPU
	EndGlobalSection
	GlobalSection(NestedProjects) = preSolution
		{CBA0F3AD-A91E-4F89-BB20-A3D064883087} = {16117897-5815-4377-858D-EAA9063D6F12}
		{A049EE9E-4078-4EB9-90B4-3C28B6A571E7} = {16117897-5815-4377-858D-EAA9063D6F12}
		{F60A57D6-1F4F-4392-98CD-9351D368367E} = {16117897-5815-4377-858D-EAA9063D6F12}
	EndGlobalSection
EndGlobal
